// !$*UTF8*$!
{
	archiveVersion = 1;
	classes = {
	};
	objectVersion = 55;
	objects = {

/* Begin PBXBuildFile section */
		41EB8AED295A7C7800542D66 /* TastierApp.swift in Sources */ = {isa = PBXBuildFile; fileRef = 41EB8AEC295A7C7800542D66 /* TastierApp.swift */; };
		41EB8AEF295A7C7800542D66 /* ContentView.swift in Sources */ = {isa = PBXBuildFile; fileRef = 41EB8AEE295A7C7800542D66 /* ContentView.swift */; };
		41EB8AF1295A7C7A00542D66 /* Assets.xcassets in Resources */ = {isa = PBXBuildFile; fileRef = 41EB8AF0295A7C7A00542D66 /* Assets.xcassets */; };
		41EB8AF4295A7C7A00542D66 /* Preview Assets.xcassets in Resources */ = {isa = PBXBuildFile; fileRef = 41EB8AF3295A7C7A00542D66 /* Preview Assets.xcassets */; };
		41EB8AFB295A80E300542D66 /* GoogleService-Info.plist in Resources */ = {isa = PBXBuildFile; fileRef = 41EB8AFA295A80E300542D66 /* GoogleService-Info.plist */; };
		41EB8AFE295A820500542D66 /* FirebaseAnalytics in Frameworks */ = {isa = PBXBuildFile; productRef = 41EB8AFD295A820500542D66 /* FirebaseAnalytics */; };
		41EB8B00295A820500542D66 /* FirebaseAuth in Frameworks */ = {isa = PBXBuildFile; productRef = 41EB8AFF295A820500542D66 /* FirebaseAuth */; };
		41EB8B02295A820500542D66 /* FirebaseFirestore in Frameworks */ = {isa = PBXBuildFile; productRef = 41EB8B01295A820500542D66 /* FirebaseFirestore */; };
		41EB8B04295A845300542D66 /* WelcomeView.swift in Sources */ = {isa = PBXBuildFile; fileRef = 41EB8B03295A845300542D66 /* WelcomeView.swift */; };
		41EB8B08295A8BFF00542D66 /* BilboSwashCaps-Regular.ttf in Resources */ = {isa = PBXBuildFile; fileRef = 41EB8B06295A8BFF00542D66 /* BilboSwashCaps-Regular.ttf */; };
		41EB8B09295A8BFF00542D66 /* OFL.txt in Resources */ = {isa = PBXBuildFile; fileRef = 41EB8B07295A8BFF00542D66 /* OFL.txt */; };
		41EB8B0F295A911500542D66 /* RegisterView.swift in Sources */ = {isa = PBXBuildFile; fileRef = 41EB8B0E295A911400542D66 /* RegisterView.swift */; };
		41EB8B11295A981A00542D66 /* LoginView.swift in Sources */ = {isa = PBXBuildFile; fileRef = 41EB8B10295A981A00542D66 /* LoginView.swift */; };
		98057860295C87B300C8AA3B /* Recipe.swift in Sources */ = {isa = PBXBuildFile; fileRef = 9805785F295C87B300C8AA3B /* Recipe.swift */; };
		98057862295C87BC00C8AA3B /* AddRecipeViewModel.swift in Sources */ = {isa = PBXBuildFile; fileRef = 98057861295C87BC00C8AA3B /* AddRecipeViewModel.swift */; };
		98057864295C882D00C8AA3B /* AddRecipeView.swift in Sources */ = {isa = PBXBuildFile; fileRef = 98057863295C882D00C8AA3B /* AddRecipeView.swift */; };
/* End PBXBuildFile section */

/* Begin PBXFileReference section */
		41EB8AE9295A7C7800542D66 /* Tastier.app */ = {isa = PBXFileReference; explicitFileType = wrapper.application; includeInIndex = 0; path = Tastier.app; sourceTree = BUILT_PRODUCTS_DIR; };
		41EB8AEC295A7C7800542D66 /* TastierApp.swift */ = {isa = PBXFileReference; lastKnownFileType = sourcecode.swift; path = TastierApp.swift; sourceTree = "<group>"; };
		41EB8AEE295A7C7800542D66 /* ContentView.swift */ = {isa = PBXFileReference; lastKnownFileType = sourcecode.swift; path = ContentView.swift; sourceTree = "<group>"; };
		41EB8AF0295A7C7A00542D66 /* Assets.xcassets */ = {isa = PBXFileReference; lastKnownFileType = folder.assetcatalog; path = Assets.xcassets; sourceTree = "<group>"; };
		41EB8AF3295A7C7A00542D66 /* Preview Assets.xcassets */ = {isa = PBXFileReference; lastKnownFileType = folder.assetcatalog; path = "Preview Assets.xcassets"; sourceTree = "<group>"; };
		41EB8AFA295A80E300542D66 /* GoogleService-Info.plist */ = {isa = PBXFileReference; fileEncoding = 4; lastKnownFileType = text.plist.xml; path = "GoogleService-Info.plist"; sourceTree = "<group>"; };
		41EB8B03295A845300542D66 /* WelcomeView.swift */ = {isa = PBXFileReference; lastKnownFileType = sourcecode.swift; path = WelcomeView.swift; sourceTree = "<group>"; };
		41EB8B06295A8BFF00542D66 /* BilboSwashCaps-Regular.ttf */ = {isa = PBXFileReference; lastKnownFileType = file; path = "BilboSwashCaps-Regular.ttf"; sourceTree = "<group>"; };
		41EB8B07295A8BFF00542D66 /* OFL.txt */ = {isa = PBXFileReference; fileEncoding = 4; lastKnownFileType = text; path = OFL.txt; sourceTree = "<group>"; };
		41EB8B0A295A8C6A00542D66 /* Info.plist */ = {isa = PBXFileReference; lastKnownFileType = text.plist; path = Info.plist; sourceTree = "<group>"; };
		41EB8B0B295A8EF900542D66 /* Montserrat.ttf */ = {isa = PBXFileReference; lastKnownFileType = file; path = Montserrat.ttf; sourceTree = "<group>"; };
		41EB8B0E295A911400542D66 /* RegisterView.swift */ = {isa = PBXFileReference; lastKnownFileType = sourcecode.swift; path = RegisterView.swift; sourceTree = "<group>"; };
		41EB8B10295A981A00542D66 /* LoginView.swift */ = {isa = PBXFileReference; lastKnownFileType = sourcecode.swift; path = LoginView.swift; sourceTree = "<group>"; };
		9805785F295C87B300C8AA3B /* Recipe.swift */ = {isa = PBXFileReference; fileEncoding = 4; lastKnownFileType = sourcecode.swift; name = Recipe.swift; path = ../../../TastierRecipeApp_backup/Tastier/Models/Recipe.swift; sourceTree = "<group>"; };
		98057861295C87BC00C8AA3B /* AddRecipeViewModel.swift */ = {isa = PBXFileReference; fileEncoding = 4; lastKnownFileType = sourcecode.swift; name = AddRecipeViewModel.swift; path = ../../../TastierRecipeApp_backup/Tastier/ViewModels/AddRecipeViewModel.swift; sourceTree = "<group>"; };
		98057863295C882D00C8AA3B /* AddRecipeView.swift */ = {isa = PBXFileReference; fileEncoding = 4; lastKnownFileType = sourcecode.swift; name = AddRecipeView.swift; path = ../../../TastierRecipeApp_backup/Tastier/Views/AddRecipeView.swift; sourceTree = "<group>"; };
/* End PBXFileReference section */

/* Begin PBXFrameworksBuildPhase section */
		41EB8AE6295A7C7800542D66 /* Frameworks */ = {
			isa = PBXFrameworksBuildPhase;
			buildActionMask = 2147483647;
			files = (
				41EB8AFE295A820500542D66 /* FirebaseAnalytics in Frameworks */,
				41EB8B00295A820500542D66 /* FirebaseAuth in Frameworks */,
				41EB8B02295A820500542D66 /* FirebaseFirestore in Frameworks */,
			);
			runOnlyForDeploymentPostprocessing = 0;
		};
/* End PBXFrameworksBuildPhase section */

/* Begin PBXGroup section */
		41EB8AE0295A7C7800542D66 = {
			isa = PBXGroup;
			children = (
				41EB8AEB295A7C7800542D66 /* Tastier */,
				41EB8AEA295A7C7800542D66 /* Products */,
			);
			sourceTree = "<group>";
		};
		41EB8AEA295A7C7800542D66 /* Products */ = {
			isa = PBXGroup;
			children = (
				41EB8AE9295A7C7800542D66 /* Tastier.app */,
			);
			name = Products;
			sourceTree = "<group>";
		};
		41EB8AEB295A7C7800542D66 /* Tastier */ = {
			isa = PBXGroup;
			children = (
				9805785E295C878600C8AA3B /* ViewModels */,
				9805785D295C878100C8AA3B /* Models */,
				41EB8B05295A8BF000542D66 /* fonts */,
				41EB8AEC295A7C7800542D66 /* TastierApp.swift */,
				9805785B295C876600C8AA3B /* Views */,
				41EB8AF0295A7C7A00542D66 /* Assets.xcassets */,
				41EB8AFA295A80E300542D66 /* GoogleService-Info.plist */,
				41EB8B0A295A8C6A00542D66 /* Info.plist */,
				41EB8AF2295A7C7A00542D66 /* Preview Content */,
			);
			path = Tastier;
			sourceTree = "<group>";
		};
		41EB8AF2295A7C7A00542D66 /* Preview Content */ = {
			isa = PBXGroup;
			children = (
				41EB8AF3295A7C7A00542D66 /* Preview Assets.xcassets */,
			);
			path = "Preview Content";
			sourceTree = "<group>";
		};
		41EB8B05295A8BF000542D66 /* fonts */ = {
			isa = PBXGroup;
			children = (
				41EB8B06295A8BFF00542D66 /* BilboSwashCaps-Regular.ttf */,
				41EB8B07295A8BFF00542D66 /* OFL.txt */,
				41EB8B0B295A8EF900542D66 /* Montserrat.ttf */,
			);
			path = fonts;
			sourceTree = "<group>";
		};
		9805785B295C876600C8AA3B /* Views */ = {
			isa = PBXGroup;
			children = (
				98057863295C882D00C8AA3B /* AddRecipeView.swift */,
				41EB8AEE295A7C7800542D66 /* ContentView.swift */,
				41EB8B03295A845300542D66 /* WelcomeView.swift */,
				41EB8B0E295A911400542D66 /* RegisterView.swift */,
				41EB8B10295A981A00542D66 /* LoginView.swift */,
			);
			path = Views;
			sourceTree = "<group>";
		};
		9805785D295C878100C8AA3B /* Models */ = {
			isa = PBXGroup;
			children = (
				9805785F295C87B300C8AA3B /* Recipe.swift */,
			);
			path = Models;
			sourceTree = "<group>";
		};
		9805785E295C878600C8AA3B /* ViewModels */ = {
			isa = PBXGroup;
			children = (
				98057861295C87BC00C8AA3B /* AddRecipeViewModel.swift */,
			);
			path = ViewModels;
			sourceTree = "<group>";
		};
/* End PBXGroup section */

/* Begin PBXNativeTarget section */
		41EB8AE8295A7C7800542D66 /* Tastier */ = {
			isa = PBXNativeTarget;
			buildConfigurationList = 41EB8AF7295A7C7A00542D66 /* Build configuration list for PBXNativeTarget "Tastier" */;
			buildPhases = (
				41EB8AE5295A7C7800542D66 /* Sources */,
				41EB8AE6295A7C7800542D66 /* Frameworks */,
				41EB8AE7295A7C7800542D66 /* Resources */,
			);
			buildRules = (
			);
			dependencies = (
			);
			name = Tastier;
			packageProductDependencies = (
				41EB8AFD295A820500542D66 /* FirebaseAnalytics */,
				41EB8AFF295A820500542D66 /* FirebaseAuth */,
				41EB8B01295A820500542D66 /* FirebaseFirestore */,
			);
			productName = Tastier;
			productReference = 41EB8AE9295A7C7800542D66 /* Tastier.app */;
			productType = "com.apple.product-type.application";
		};
/* End PBXNativeTarget section */

/* Begin PBXProject section */
		41EB8AE1295A7C7800542D66 /* Project object */ = {
			isa = PBXProject;
			attributes = {
				BuildIndependentTargetsInParallel = 1;
				LastSwiftUpdateCheck = 1320;
				LastUpgradeCheck = 1320;
				TargetAttributes = {
					41EB8AE8295A7C7800542D66 = {
						CreatedOnToolsVersion = 13.2.1;
					};
				};
			};
			buildConfigurationList = 41EB8AE4295A7C7800542D66 /* Build configuration list for PBXProject "Tastier" */;
			compatibilityVersion = "Xcode 13.0";
			developmentRegion = en;
			hasScannedForEncodings = 0;
			knownRegions = (
				en,
				Base,
			);
			mainGroup = 41EB8AE0295A7C7800542D66;
			packageReferences = (
				41EB8AFC295A820500542D66 /* XCRemoteSwiftPackageReference "firebase-ios-sdk" */,
			);
			productRefGroup = 41EB8AEA295A7C7800542D66 /* Products */;
			projectDirPath = "";
			projectRoot = "";
			targets = (
				41EB8AE8295A7C7800542D66 /* Tastier */,
			);
		};
/* End PBXProject section */

/* Begin PBXResourcesBuildPhase section */
		41EB8AE7295A7C7800542D66 /* Resources */ = {
			isa = PBXResourcesBuildPhase;
			buildActionMask = 2147483647;
			files = (
				41EB8B09295A8BFF00542D66 /* OFL.txt in Resources */,
				41EB8AF4295A7C7A00542D66 /* Preview Assets.xcassets in Resources */,
				41EB8AF1295A7C7A00542D66 /* Assets.xcassets in Resources */,
				41EB8B08295A8BFF00542D66 /* BilboSwashCaps-Regular.ttf in Resources */,
				41EB8AFB295A80E300542D66 /* GoogleService-Info.plist in Resources */,
			);
			runOnlyForDeploymentPostprocessing = 0;
		};
/* End PBXResourcesBuildPhase section */

/* Begin PBXSourcesBuildPhase section */
		41EB8AE5295A7C7800542D66 /* Sources */ = {
			isa = PBXSourcesBuildPhase;
			buildActionMask = 2147483647;
			files = (
				41EB8AEF295A7C7800542D66 /* ContentView.swift in Sources */,
				98057862295C87BC00C8AA3B /* AddRecipeViewModel.swift in Sources */,
				98057864295C882D00C8AA3B /* AddRecipeView.swift in Sources */,
				41EB8B0F295A911500542D66 /* RegisterView.swift in Sources */,
				41EB8B04295A845300542D66 /* WelcomeView.swift in Sources */,
				98057860295C87B300C8AA3B /* Recipe.swift in Sources */,
				41EB8B11295A981A00542D66 /* LoginView.swift in Sources */,
				41EB8AED295A7C7800542D66 /* TastierApp.swift in Sources */,
			);
			runOnlyForDeploymentPostprocessing = 0;
		};
/* End PBXSourcesBuildPhase section */

/* Begin XCBuildConfiguration section */
		41EB8AF5295A7C7A00542D66 /* Debug */ = {
			isa = XCBuildConfiguration;
			buildSettings = {
				ALWAYS_SEARCH_USER_PATHS = NO;
				CLANG_ANALYZER_NONNULL = YES;
				CLANG_ANALYZER_NUMBER_OBJECT_CONVERSION = YES_AGGRESSIVE;
				CLANG_CXX_LANGUAGE_STANDARD = "gnu++17";
				CLANG_CXX_LIBRARY = "libc++";
				CLANG_ENABLE_MODULES = YES;
				CLANG_ENABLE_OBJC_ARC = YES;
				CLANG_ENABLE_OBJC_WEAK = YES;
				CLANG_WARN_BLOCK_CAPTURE_AUTORELEASING = YES;
				CLANG_WARN_BOOL_CONVERSION = YES;
				CLANG_WARN_COMMA = YES;
				CLANG_WARN_CONSTANT_CONVERSION = YES;
				CLANG_WARN_DEPRECATED_OBJC_IMPLEMENTATIONS = YES;
				CLANG_WARN_DIRECT_OBJC_ISA_USAGE = YES_ERROR;
				CLANG_WARN_DOCUMENTATION_COMMENTS = YES;
				CLANG_WARN_EMPTY_BODY = YES;
				CLANG_WARN_ENUM_CONVERSION = YES;
				CLANG_WARN_INFINITE_RECURSION = YES;
				CLANG_WARN_INT_CONVERSION = YES;
				CLANG_WARN_NON_LITERAL_NULL_CONVERSION = YES;
				CLANG_WARN_OBJC_IMPLICIT_RETAIN_SELF = YES;
				CLANG_WARN_OBJC_LITERAL_CONVERSION = YES;
				CLANG_WARN_OBJC_ROOT_CLASS = YES_ERROR;
				CLANG_WARN_QUOTED_INCLUDE_IN_FRAMEWORK_HEADER = YES;
				CLANG_WARN_RANGE_LOOP_ANALYSIS = YES;
				CLANG_WARN_STRICT_PROTOTYPES = YES;
				CLANG_WARN_SUSPICIOUS_MOVE = YES;
				CLANG_WARN_UNGUARDED_AVAILABILITY = YES_AGGRESSIVE;
				CLANG_WARN_UNREACHABLE_CODE = YES;
				CLANG_WARN__DUPLICATE_METHOD_MATCH = YES;
				COPY_PHASE_STRIP = NO;
				DEBUG_INFORMATION_FORMAT = dwarf;
				ENABLE_STRICT_OBJC_MSGSEND = YES;
				ENABLE_TESTABILITY = YES;
				GCC_C_LANGUAGE_STANDARD = gnu11;
				GCC_DYNAMIC_NO_PIC = NO;
				GCC_NO_COMMON_BLOCKS = YES;
				GCC_OPTIMIZATION_LEVEL = 0;
				GCC_PREPROCESSOR_DEFINITIONS = (
					"DEBUG=1",
					"$(inherited)",
				);
				GCC_WARN_64_TO_32_BIT_CONVERSION = YES;
				GCC_WARN_ABOUT_RETURN_TYPE = YES_ERROR;
				GCC_WARN_UNDECLARED_SELECTOR = YES;
				GCC_WARN_UNINITIALIZED_AUTOS = YES_AGGRESSIVE;
				GCC_WARN_UNUSED_FUNCTION = YES;
				GCC_WARN_UNUSED_VARIABLE = YES;
				IPHONEOS_DEPLOYMENT_TARGET = 15.2;
				MTL_ENABLE_DEBUG_INFO = INCLUDE_SOURCE;
				MTL_FAST_MATH = YES;
				ONLY_ACTIVE_ARCH = YES;
				SDKROOT = iphoneos;
				SWIFT_ACTIVE_COMPILATION_CONDITIONS = DEBUG;
				SWIFT_OPTIMIZATION_LEVEL = "-Onone";
			};
			name = Debug;
		};
		41EB8AF6295A7C7A00542D66 /* Release */ = {
			isa = XCBuildConfiguration;
			buildSettings = {
				ALWAYS_SEARCH_USER_PATHS = NO;
				CLANG_ANALYZER_NONNULL = YES;
				CLANG_ANALYZER_NUMBER_OBJECT_CONVERSION = YES_AGGRESSIVE;
				CLANG_CXX_LANGUAGE_STANDARD = "gnu++17";
				CLANG_CXX_LIBRARY = "libc++";
				CLANG_ENABLE_MODULES = YES;
				CLANG_ENABLE_OBJC_ARC = YES;
				CLANG_ENABLE_OBJC_WEAK = YES;
				CLANG_WARN_BLOCK_CAPTURE_AUTORELEASING = YES;
				CLANG_WARN_BOOL_CONVERSION = YES;
				CLANG_WARN_COMMA = YES;
				CLANG_WARN_CONSTANT_CONVERSION = YES;
				CLANG_WARN_DEPRECATED_OBJC_IMPLEMENTATIONS = YES;
				CLANG_WARN_DIRECT_OBJC_ISA_USAGE = YES_ERROR;
				CLANG_WARN_DOCUMENTATION_COMMENTS = YES;
				CLANG_WARN_EMPTY_BODY = YES;
				CLANG_WARN_ENUM_CONVERSION = YES;
				CLANG_WARN_INFINITE_RECURSION = YES;
				CLANG_WARN_INT_CONVERSION = YES;
				CLANG_WARN_NON_LITERAL_NULL_CONVERSION = YES;
				CLANG_WARN_OBJC_IMPLICIT_RETAIN_SELF = YES;
				CLANG_WARN_OBJC_LITERAL_CONVERSION = YES;
				CLANG_WARN_OBJC_ROOT_CLASS = YES_ERROR;
				CLANG_WARN_QUOTED_INCLUDE_IN_FRAMEWORK_HEADER = YES;
				CLANG_WARN_RANGE_LOOP_ANALYSIS = YES;
				CLANG_WARN_STRICT_PROTOTYPES = YES;
				CLANG_WARN_SUSPICIOUS_MOVE = YES;
				CLANG_WARN_UNGUARDED_AVAILABILITY = YES_AGGRESSIVE;
				CLANG_WARN_UNREACHABLE_CODE = YES;
				CLANG_WARN__DUPLICATE_METHOD_MATCH = YES;
				COPY_PHASE_STRIP = NO;
				DEBUG_INFORMATION_FORMAT = "dwarf-with-dsym";
				ENABLE_NS_ASSERTIONS = NO;
				ENABLE_STRICT_OBJC_MSGSEND = YES;
				GCC_C_LANGUAGE_STANDARD = gnu11;
				GCC_NO_COMMON_BLOCKS = YES;
				GCC_WARN_64_TO_32_BIT_CONVERSION = YES;
				GCC_WARN_ABOUT_RETURN_TYPE = YES_ERROR;
				GCC_WARN_UNDECLARED_SELECTOR = YES;
				GCC_WARN_UNINITIALIZED_AUTOS = YES_AGGRESSIVE;
				GCC_WARN_UNUSED_FUNCTION = YES;
				GCC_WARN_UNUSED_VARIABLE = YES;
				IPHONEOS_DEPLOYMENT_TARGET = 15.2;
				MTL_ENABLE_DEBUG_INFO = NO;
				MTL_FAST_MATH = YES;
				SDKROOT = iphoneos;
				SWIFT_COMPILATION_MODE = wholemodule;
				SWIFT_OPTIMIZATION_LEVEL = "-O";
				VALIDATE_PRODUCT = YES;
			};
			name = Release;
		};
		41EB8AF8295A7C7A00542D66 /* Debug */ = {
			isa = XCBuildConfiguration;
			buildSettings = {
				ASSETCATALOG_COMPILER_APPICON_NAME = AppIcon;
				ASSETCATALOG_COMPILER_GLOBAL_ACCENT_COLOR_NAME = AccentColor;
				CODE_SIGN_STYLE = Automatic;
				CURRENT_PROJECT_VERSION = 1;
				DEVELOPMENT_ASSET_PATHS = "\"Tastier/Preview Content\"";
				ENABLE_PREVIEWS = YES;
				GENERATE_INFOPLIST_FILE = YES;
				INFOPLIST_FILE = Tastier/Info.plist;
				INFOPLIST_KEY_UIApplicationSceneManifest_Generation = YES;
				INFOPLIST_KEY_UIApplicationSupportsIndirectInputEvents = YES;
				INFOPLIST_KEY_UILaunchScreen_Generation = YES;
				INFOPLIST_KEY_UISupportedInterfaceOrientations_iPad = "UIInterfaceOrientationPortrait UIInterfaceOrientationPortraitUpsideDown UIInterfaceOrientationLandscapeLeft UIInterfaceOrientationLandscapeRight";
				INFOPLIST_KEY_UISupportedInterfaceOrientations_iPhone = "UIInterfaceOrientationPortrait UIInterfaceOrientationLandscapeLeft UIInterfaceOrientationLandscapeRight";
				LD_RUNPATH_SEARCH_PATHS = (
					"$(inherited)",
					"@executable_path/Frameworks",
				);
				MARKETING_VERSION = 1.0;
				PRODUCT_BUNDLE_IDENTIFIER = TP061271.Tastier;
				PRODUCT_NAME = "$(TARGET_NAME)";
				SWIFT_EMIT_LOC_STRINGS = YES;
				SWIFT_VERSION = 5.0;
				TARGETED_DEVICE_FAMILY = "1,2";
			};
			name = Debug;
		};
		41EB8AF9295A7C7A00542D66 /* Release */ = {
			isa = XCBuildConfiguration;
			buildSettings = {
				ASSETCATALOG_COMPILER_APPICON_NAME = AppIcon;
				ASSETCATALOG_COMPILER_GLOBAL_ACCENT_COLOR_NAME = AccentColor;
				CODE_SIGN_STYLE = Automatic;
				CURRENT_PROJECT_VERSION = 1;
				DEVELOPMENT_ASSET_PATHS = "\"Tastier/Preview Content\"";
				ENABLE_PREVIEWS = YES;
				GENERATE_INFOPLIST_FILE = YES;
				INFOPLIST_FILE = Tastier/Info.plist;
				INFOPLIST_KEY_UIApplicationSceneManifest_Generation = YES;
				INFOPLIST_KEY_UIApplicationSupportsIndirectInputEvents = YES;
				INFOPLIST_KEY_UILaunchScreen_Generation = YES;
				INFOPLIST_KEY_UISupportedInterfaceOrientations_iPad = "UIInterfaceOrientationPortrait UIInterfaceOrientationPortraitUpsideDown UIInterfaceOrientationLandscapeLeft UIInterfaceOrientationLandscapeRight";
				INFOPLIST_KEY_UISupportedInterfaceOrientations_iPhone = "UIInterfaceOrientationPortrait UIInterfaceOrientationLandscapeLeft UIInterfaceOrientationLandscapeRight";
				LD_RUNPATH_SEARCH_PATHS = (
					"$(inherited)",
					"@executable_path/Frameworks",
				);
				MARKETING_VERSION = 1.0;
				PRODUCT_BUNDLE_IDENTIFIER = TP061271.Tastier;
				PRODUCT_NAME = "$(TARGET_NAME)";
				SWIFT_EMIT_LOC_STRINGS = YES;
				SWIFT_VERSION = 5.0;
				TARGETED_DEVICE_FAMILY = "1,2";
			};
			name = Release;
		};
/* End XCBuildConfiguration section */

/* Begin XCConfigurationList section */
		41EB8AE4295A7C7800542D66 /* Build configuration list for PBXProject "Tastier" */ = {
			isa = XCConfigurationList;
			buildConfigurations = (
				41EB8AF5295A7C7A00542D66 /* Debug */,
				41EB8AF6295A7C7A00542D66 /* Release */,
			);
			defaultConfigurationIsVisible = 0;
			defaultConfigurationName = Release;
		};
		41EB8AF7295A7C7A00542D66 /* Build configuration list for PBXNativeTarget "Tastier" */ = {
			isa = XCConfigurationList;
			buildConfigurations = (
				41EB8AF8295A7C7A00542D66 /* Debug */,
				41EB8AF9295A7C7A00542D66 /* Release */,
			);
			defaultConfigurationIsVisible = 0;
			defaultConfigurationName = Release;
		};
/* End XCConfigurationList section */

/* Begin XCRemoteSwiftPackageReference section */
		41EB8AFC295A820500542D66 /* XCRemoteSwiftPackageReference "firebase-ios-sdk" */ = {
			isa = XCRemoteSwiftPackageReference;
			repositoryURL = "https://github.com/firebase/firebase-ios-sdk.git";
			requirement = {
				branch = master;
				kind = branch;
			};
		};
/* End XCRemoteSwiftPackageReference section */

/* Begin XCSwiftPackageProductDependency section */
		41EB8AFD295A820500542D66 /* FirebaseAnalytics */ = {
			isa = XCSwiftPackageProductDependency;
			package = 41EB8AFC295A820500542D66 /* XCRemoteSwiftPackageReference "firebase-ios-sdk" */;
			productName = FirebaseAnalytics;
		};
		41EB8AFF295A820500542D66 /* FirebaseAuth */ = {
			isa = XCSwiftPackageProductDependency;
			package = 41EB8AFC295A820500542D66 /* XCRemoteSwiftPackageReference "firebase-ios-sdk" */;
			productName = FirebaseAuth;
		};
		41EB8B01295A820500542D66 /* FirebaseFirestore */ = {
			isa = XCSwiftPackageProductDependency;
			package = 41EB8AFC295A820500542D66 /* XCRemoteSwiftPackageReference "firebase-ios-sdk" */;
			productName = FirebaseFirestore;
		};
/* End XCSwiftPackageProductDependency section */
	};
	rootObject = 41EB8AE1295A7C7800542D66 /* Project object */;
}
